
Microsoft Visual Studio Solution File, Format Version 10.00
# Visual Studio 2008
Project("{8BC9CEB8-8B4A-11D0-8D11-00A0C91BC942}") = "Cpp_file_logger", "Cpp_file_logger\Cpp_file_logger.vcproj", "{8051F647-1A80-4373-804C-7E84A3ADF422}"
EndProject
Global
	GlobalSection(SolutionConfigurationPlatforms) = preSolution
		Debug|Win32 = Debug|Win32
		Release|Win32 = Release|Win32
	EndGlobalSection
	GlobalSection(ProjectConfigurationPlatforms) = postSolution
		{8051F647-1A80-4373-804C-7E84A3ADF422}.Debug|Win32.ActiveCfg = Debug|Win32
		{8051F647-1A80-4373-804C-7E84A3ADF422}.Debug|Win32.Build.0 = Debug|Win32
		{8051F647-1A80-4373-804C-7E84A3ADF422}.Release|Win32.ActiveCfg = Release|Win32
		{8051F647-1A80-4373-804C-7E84A3ADF422}.Release|Win32.Build.0 = Release|Win32
	EndGlobalSection
	GlobalSection(SolutionProperties) = preSolution
		HideSolutionNode = FALSE
	EndGlobalSection
EndGlobal
